<?xml version="1.0" encoding="utf-8"?>
<Project ToolsVersion="4.0" xmlns="http://schemas.microsoft.com/developer/msbuild/2003">
  <ItemGroup>
    <Filter Include="Source Files">
      <UniqueIdentifier>{4FC737F1-C7A5-4376-A066-2A32D752A2FF}</UniqueIdentifier>
      <Extensions>cpp;c;cc;cxx;def;odl;idl;hpj;bat;asm;asmx</Extensions>
    </Filter>
    <Filter Include="Header Files">
      <UniqueIdentifier>{93995380-89BD-4b04-88EB-625FBE52EBFB}</UniqueIdentifier>
      <Extensions>h;hh;hpp;hxx;hm;inl;inc;xsd</Extensions>
    </Filter>
    <Filter Include="Resource Files">
      <UniqueIdentifier>{67DA6AB6-F800-4c08-8B7A-83BB121AAD01}</UniqueIdentifier>
      <Extensions>rc;ico;cur;bmp;dlg;rc2;rct;bin;rgs;gif;jpg;jpeg;jpe;resx;tiff;tif;png;wav;mfcribbon-ms</Extensions>
    </Filter>
  </ItemGroup>
  <ItemGroup>
    <None Include="loraOneProductKitApp.ino" />
  </ItemGroup>
  <ItemGroup>
    <ClInclude Include="__vm\.loraOneProductKitApp.vsarduino.h">
      <Filter>Header Files</Filter>
    </ClInclude>
    <ClInclude Include="PowerManager.h">
      <Filter>Header Files</Filter>
    </ClInclude>
    <ClInclude Include="BoardFeatures.h">
      <Filter>Header Files</Filter>
    </ClInclude>
    <ClInclude Include="ParkingSensorApp.h">
      <Filter>Header Files</Filter>
    </ClInclude>
    <ClInclude Include="Configs.h">
      <Filter>Header Files</Filter>
    </ClInclude>
    <ClInclude Include="keys.h">
      <Filter>Header Files</Filter>
    </ClInclude>
    <ClInclude Include="AppBase.h">
      <Filter>Header Files</Filter>
    </ClInclude>
    <ClInclude Include="LSM303.h">
      <Filter>Header Files</Filter>
    </ClInclude>
    <ClInclude Include="DoorSensorApp.h">
      <Filter>Header Files</Filter>
    </ClInclude>
    <ClInclude Include="SmartLockApp.h">
      <Filter>Header Files</Filter>
    </ClInclude>
    <ClInclude Include="Sodaq_UBlox_GPS.h">
      <Filter>Header Files</Filter>
    </ClInclude>
    <ClInclude Include="RTCZero.h">
      <Filter>Header Files</Filter>
    </ClInclude>
  </ItemGroup>
  <ItemGroup>
    <ClCompile Include="PowerManager.cpp">
      <Filter>Source Files</Filter>
    </ClCompile>
    <ClCompile Include="BoardFeatures.cpp">
      <Filter>Source Files</Filter>
    </ClCompile>
    <ClCompile Include="ParkingSensorApp.cpp">
      <Filter>Source Files</Filter>
    </ClCompile>
    <ClCompile Include="Configs.cpp">
      <Filter>Source Files</Filter>
    </ClCompile>
    <ClCompile Include="LSM303.cpp">
      <Filter>Source Files</Filter>
    </ClCompile>
    <ClCompile Include="DoorSensorApp.cpp">
      <Filter>Source Files</Filter>
    </ClCompile>
    <ClCompile Include="AppBase.cpp">
      <Filter>Source Files</Filter>
    </ClCompile>
    <ClCompile Include="SmartLockApp.cpp">
      <Filter>Source Files</Filter>
    </ClCompile>
    <ClCompile Include="Sodaq_UBlox_GPS.cpp">
      <Filter>Source Files</Filter>
    </ClCompile>
    <ClCompile Include="RTCZero.cpp">
      <Filter>Source Files</Filter>
    </ClCompile>
  </ItemGroup>
</Project>